
Microsoft Visual Studio Solution File, Format Version 12.00
# Visual Studio Version 16
VisualStudioVersion = 16.0.30320.27
MinimumVisualStudioVersion = 10.0.40219.1
Project("{FAE04EC0-301F-11D3-BF4B-00C04F79EFBC}") = "SQL-Injection-Example-Code", "SQL-Injection-Example-Code\SQL-Injection-Example-Code.csproj", "{6A5EE324-E746-492E-A418-045BFACEF47C}"
EndProject
Global
	GlobalSection(SolutionConfigurationPlatforms) = preSolution
		Debug|Any CPU = Debug|Any CPU
		Release|Any CPU = Release|Any CPU
	EndGlobalSection
	GlobalSection(ProjectConfigurationPlatforms) = postSolution
		{6A5EE324-E746-492E-A418-045BFACEF47C}.Debug|Any CPU.ActiveCfg = Debug|Any CPU
		{6A5EE324-E746-492E-A418-045BFACEF47C}.Debug|Any CPU.Build.0 = Debug|Any CPU
		{6A5EE324-E746-492E-A418-045BFACEF47C}.Release|Any CPU.ActiveCfg = Release|Any CPU
		{6A5EE324-E746-492E-A418-045BFACEF47C}.Release|Any CPU.Build.0 = Release|Any CPU
	EndGlobalSection
	GlobalSection(SolutionProperties) = preSolution
		HideSolutionNode = FALSE
	EndGlobalSection
	GlobalSection(ExtensibilityGlobals) = postSolution
		SolutionGuid = {0EBCCB62-CDA3-4A5B-BD85-0A787240E9CD}
	EndGlobalSection
EndGlobal
